{
  "name": "React_practice",
  "lockfileVersion": 3,
  "requires": true,
  "packages": {
    "": {
      "dependencies": {
        "hotkeys-js": "^3.13.7",
        "lodash": "^4.17.21"
      }
    },
    "node_modules/hotkeys-js": {
      "version": "3.13.7",
      "resolved": "https://registry.npmjs.org/hotkeys-js/-/hotkeys-js-3.13.7.tgz",
      "integrity": "sha512-ygFIdTqqwG4fFP7kkiYlvayZppeIQX2aPpirsngkv1xM1lP0piDY5QEh68nQnIKvz64hfocxhBaD/uK3sSK1yQ==",
      "funding": {
        "url": "https://jaywcjlove.github.io/#/sponsor"
      }
    },
    "node_modules/lodash": {
      "version": "4.17.21",
      "resolved": "https://registry.npmjs.org/lodash/-/lodash-4.17.21.tgz",
      "integrity": "sha512-v2kDEe57lecTulaDIuNTPy3Ry4gLGJ6Z1O3vE1krgXZNrsQ+LFTGHVxVjcXPs17LhbZVGedAJv8XZ1tvj5FvSg=="
    }
  }
}
